// !$*UTF8*$!
{
	archiveVersion = 1;
	classes = {
	};
	objectVersion = 56;
	objects = {

/* Begin PBXBuildFile section */
		67192EA82B76AB34004A7152 /* UIColor+extension.swift in Sources */ = {isa = PBXBuildFile; fileRef = 67192EA72B76AB34004A7152 /* UIColor+extension.swift */; };
		67192EAA2B76B615004A7152 /* ReminderListViewController.swift in Sources */ = {isa = PBXBuildFile; fileRef = 67192EA92B76B614004A7152 /* ReminderListViewController.swift */; };
		67192EAE2B77849C004A7152 /* UIViewController+extension.swift in Sources */ = {isa = PBXBuildFile; fileRef = 67192EAD2B77849C004A7152 /* UIViewController+extension.swift */; };
		67192EB02B77937E004A7152 /* ContactInfoCellView.swift in Sources */ = {isa = PBXBuildFile; fileRef = 67192EAF2B77937E004A7152 /* ContactInfoCellView.swift */; };
		67192EB42B779935004A7152 /* ContactInfoViewController.swift in Sources */ = {isa = PBXBuildFile; fileRef = 67192EB32B779935004A7152 /* ContactInfoViewController.swift */; };
		672748692B725827004CFDBE /* AppDelegate.swift in Sources */ = {isa = PBXBuildFile; fileRef = 672748682B725827004CFDBE /* AppDelegate.swift */; };
		6727486B2B725827004CFDBE /* SceneDelegate.swift in Sources */ = {isa = PBXBuildFile; fileRef = 6727486A2B725827004CFDBE /* SceneDelegate.swift */; };
		6727486D2B725827004CFDBE /* LoginViewController.swift in Sources */ = {isa = PBXBuildFile; fileRef = 6727486C2B725827004CFDBE /* LoginViewController.swift */; };
		672748722B725829004CFDBE /* Assets.xcassets in Resources */ = {isa = PBXBuildFile; fileRef = 672748712B725829004CFDBE /* Assets.xcassets */; };
		672748752B725829004CFDBE /* LaunchScreen.storyboard in Resources */ = {isa = PBXBuildFile; fileRef = 672748732B725829004CFDBE /* LaunchScreen.storyboard */; };
		67B8F3422B768F6500B46F32 /* BirthdayView.swift in Sources */ = {isa = PBXBuildFile; fileRef = 67B8F3412B768F6500B46F32 /* BirthdayView.swift */; };
		67B8F3482B7699D300B46F32 /* Verdana.ttf in Resources */ = {isa = PBXBuildFile; fileRef = 67B8F3472B76999100B46F32 /* Verdana.ttf */; };
		67B8F3492B7699D600B46F32 /* Verdana-Bold.ttf in Resources */ = {isa = PBXBuildFile; fileRef = 67B8F3462B76999100B46F32 /* Verdana-Bold.ttf */; };
		67B8F34C2B769A2600B46F32 /* UIFont+extension.swift in Sources */ = {isa = PBXBuildFile; fileRef = 67B8F34B2B769A2600B46F32 /* UIFont+extension.swift */; };
		67B8F34E2B769BD200B46F32 /* Colors.xcassets in Resources */ = {isa = PBXBuildFile; fileRef = 67B8F34D2B769BD200B46F32 /* Colors.xcassets */; };
/* End PBXBuildFile section */

/* Begin PBXFileReference section */
		67192EA72B76AB34004A7152 /* UIColor+extension.swift */ = {isa = PBXFileReference; lastKnownFileType = sourcecode.swift; path = "UIColor+extension.swift"; sourceTree = "<group>"; };
		67192EA92B76B614004A7152 /* ReminderListViewController.swift */ = {isa = PBXFileReference; lastKnownFileType = sourcecode.swift; path = ReminderListViewController.swift; sourceTree = "<group>"; };
		67192EAD2B77849C004A7152 /* UIViewController+extension.swift */ = {isa = PBXFileReference; lastKnownFileType = sourcecode.swift; path = "UIViewController+extension.swift"; sourceTree = "<group>"; };
		67192EAF2B77937E004A7152 /* ContactInfoCellView.swift */ = {isa = PBXFileReference; lastKnownFileType = sourcecode.swift; path = ContactInfoCellView.swift; sourceTree = "<group>"; };
		67192EB32B779935004A7152 /* ContactInfoViewController.swift */ = {isa = PBXFileReference; lastKnownFileType = sourcecode.swift; path = ContactInfoViewController.swift; sourceTree = "<group>"; };
		672748652B725827004CFDBE /* UIKitTask.app */ = {isa = PBXFileReference; explicitFileType = wrapper.application; includeInIndex = 0; path = UIKitTask.app; sourceTree = BUILT_PRODUCTS_DIR; };
		672748682B725827004CFDBE /* AppDelegate.swift */ = {isa = PBXFileReference; lastKnownFileType = sourcecode.swift; path = AppDelegate.swift; sourceTree = "<group>"; };
		6727486A2B725827004CFDBE /* SceneDelegate.swift */ = {isa = PBXFileReference; lastKnownFileType = sourcecode.swift; path = SceneDelegate.swift; sourceTree = "<group>"; };
		6727486C2B725827004CFDBE /* LoginViewController.swift */ = {isa = PBXFileReference; lastKnownFileType = sourcecode.swift; path = LoginViewController.swift; sourceTree = "<group>"; };
		672748712B725829004CFDBE /* Assets.xcassets */ = {isa = PBXFileReference; lastKnownFileType = folder.assetcatalog; path = Assets.xcassets; sourceTree = "<group>"; };
		672748742B725829004CFDBE /* Base */ = {isa = PBXFileReference; lastKnownFileType = file.storyboard; name = Base; path = Base.lproj/LaunchScreen.storyboard; sourceTree = "<group>"; };
		672748762B725829004CFDBE /* Info.plist */ = {isa = PBXFileReference; lastKnownFileType = text.plist.xml; path = Info.plist; sourceTree = "<group>"; };
		67B8F3412B768F6500B46F32 /* BirthdayView.swift */ = {isa = PBXFileReference; lastKnownFileType = sourcecode.swift; path = BirthdayView.swift; sourceTree = "<group>"; };
		67B8F3462B76999100B46F32 /* Verdana-Bold.ttf */ = {isa = PBXFileReference; lastKnownFileType = file; path = "Verdana-Bold.ttf"; sourceTree = "<group>"; };
		67B8F3472B76999100B46F32 /* Verdana.ttf */ = {isa = PBXFileReference; lastKnownFileType = file; path = Verdana.ttf; sourceTree = "<group>"; };
		67B8F34B2B769A2600B46F32 /* UIFont+extension.swift */ = {isa = PBXFileReference; lastKnownFileType = sourcecode.swift; path = "UIFont+extension.swift"; sourceTree = "<group>"; };
		67B8F34D2B769BD200B46F32 /* Colors.xcassets */ = {isa = PBXFileReference; lastKnownFileType = folder.assetcatalog; path = Colors.xcassets; sourceTree = "<group>"; };
/* End PBXFileReference section */

/* Begin PBXFrameworksBuildPhase section */
		672748622B725827004CFDBE /* Frameworks */ = {
			isa = PBXFrameworksBuildPhase;
			buildActionMask = 2147483647;
			files = (
			);
			runOnlyForDeploymentPostprocessing = 0;
		};
/* End PBXFrameworksBuildPhase section */

/* Begin PBXGroup section */
		67192EB12B779902004A7152 /* ContactInfoScene */ = {
			isa = PBXGroup;
			children = (
				67192EB22B77991A004A7152 /* ViewController */,
			);
			path = ContactInfoScene;
			sourceTree = "<group>";
		};
		67192EB22B77991A004A7152 /* ViewController */ = {
			isa = PBXGroup;
			children = (
				67192EB32B779935004A7152 /* ContactInfoViewController.swift */,
			);
			path = ViewController;
			sourceTree = "<group>";
		};
		6727485C2B725827004CFDBE = {
			isa = PBXGroup;
			children = (
				672748672B725827004CFDBE /* UIKitTask */,
				672748662B725827004CFDBE /* Products */,
			);
			sourceTree = "<group>";
		};
		672748662B725827004CFDBE /* Products */ = {
			isa = PBXGroup;
			children = (
				672748652B725827004CFDBE /* UIKitTask.app */,
			);
			name = Products;
			sourceTree = "<group>";
		};
		672748672B725827004CFDBE /* UIKitTask */ = {
			isa = PBXGroup;
			children = (
				67B8F34A2B769A1600B46F32 /* Helpers */,
				67B8F3452B76998600B46F32 /* Fonts */,
				67B8F33D2B76735400B46F32 /* App */,
				67B8F3402B768F2300B46F32 /* CustomUI */,
				67B8F33A2B76730900B46F32 /* LoginScene */,
				67B8F33C2B76731900B46F32 /* ReminderListScene */,
				67192EB12B779902004A7152 /* ContactInfoScene */,
				672748712B725829004CFDBE /* Assets.xcassets */,
				67B8F34D2B769BD200B46F32 /* Colors.xcassets */,
				672748732B725829004CFDBE /* LaunchScreen.storyboard */,
				672748762B725829004CFDBE /* Info.plist */,
			);
			path = UIKitTask;
			sourceTree = "<group>";
		};
		67B8F33A2B76730900B46F32 /* LoginScene */ = {
			isa = PBXGroup;
			children = (
				67B8F33B2B76731400B46F32 /* ViewController */,
			);
			path = LoginScene;
			sourceTree = "<group>";
		};
		67B8F33B2B76731400B46F32 /* ViewController */ = {
			isa = PBXGroup;
			children = (
				6727486C2B725827004CFDBE /* LoginViewController.swift */,
			);
			path = ViewController;
			sourceTree = "<group>";
		};
		67B8F33C2B76731900B46F32 /* ReminderListScene */ = {
			isa = PBXGroup;
			children = (
				67B8F33F2B7673A100B46F32 /* ViewController */,
			);
			path = ReminderListScene;
			sourceTree = "<group>";
		};
		67B8F33D2B76735400B46F32 /* App */ = {
			isa = PBXGroup;
			children = (
				672748682B725827004CFDBE /* AppDelegate.swift */,
				6727486A2B725827004CFDBE /* SceneDelegate.swift */,
			);
			path = App;
			sourceTree = "<group>";
		};
		67B8F33F2B7673A100B46F32 /* ViewController */ = {
			isa = PBXGroup;
			children = (
				67192EA92B76B614004A7152 /* ReminderListViewController.swift */,
			);
			path = ViewController;
			sourceTree = "<group>";
		};
		67B8F3402B768F2300B46F32 /* CustomUI */ = {
			isa = PBXGroup;
			children = (
				67B8F3412B768F6500B46F32 /* BirthdayView.swift */,
				67192EAF2B77937E004A7152 /* ContactInfoCellView.swift */,
			);
			path = CustomUI;
			sourceTree = "<group>";
		};
		67B8F3452B76998600B46F32 /* Fonts */ = {
			isa = PBXGroup;
			children = (
				67B8F3462B76999100B46F32 /* Verdana-Bold.ttf */,
				67B8F3472B76999100B46F32 /* Verdana.ttf */,
			);
			path = Fonts;
			sourceTree = "<group>";
		};
		67B8F34A2B769A1600B46F32 /* Helpers */ = {
			isa = PBXGroup;
			children = (
				67B8F34B2B769A2600B46F32 /* UIFont+extension.swift */,
				67192EAD2B77849C004A7152 /* UIViewController+extension.swift */,
				67192EA72B76AB34004A7152 /* UIColor+extension.swift */,
			);
			path = Helpers;
			sourceTree = "<group>";
		};
/* End PBXGroup section */

/* Begin PBXNativeTarget section */
		672748642B725827004CFDBE /* UIKitTask */ = {
			isa = PBXNativeTarget;
			buildConfigurationList = 672748792B725829004CFDBE /* Build configuration list for PBXNativeTarget "UIKitTask" */;
			buildPhases = (
				6727487D2B7258E8004CFDBE /* SwiftFormat Run Script */,
				6727487C2B7258C8004CFDBE /* SwiftLint Run Script */,
				672748612B725827004CFDBE /* Sources */,
				672748622B725827004CFDBE /* Frameworks */,
				672748632B725827004CFDBE /* Resources */,
			);
			buildRules = (
			);
			dependencies = (
			);
			name = UIKitTask;
			productName = UIKitTask;
			productReference = 672748652B725827004CFDBE /* UIKitTask.app */;
			productType = "com.apple.product-type.application";
		};
/* End PBXNativeTarget section */

/* Begin PBXProject section */
		6727485D2B725827004CFDBE /* Project object */ = {
			isa = PBXProject;
			attributes = {
				BuildIndependentTargetsInParallel = 1;
				LastSwiftUpdateCheck = 1510;
				LastUpgradeCheck = 1510;
				TargetAttributes = {
					672748642B725827004CFDBE = {
						CreatedOnToolsVersion = 15.1;
					};
				};
			};
			buildConfigurationList = 672748602B725827004CFDBE /* Build configuration list for PBXProject "UIKitTask" */;
			compatibilityVersion = "Xcode 14.0";
			developmentRegion = en;
			hasScannedForEncodings = 0;
			knownRegions = (
				en,
				Base,
			);
			mainGroup = 6727485C2B725827004CFDBE;
			productRefGroup = 672748662B725827004CFDBE /* Products */;
			projectDirPath = "";
			projectRoot = "";
			targets = (
				672748642B725827004CFDBE /* UIKitTask */,
			);
		};
/* End PBXProject section */

/* Begin PBXResourcesBuildPhase section */
		672748632B725827004CFDBE /* Resources */ = {
			isa = PBXResourcesBuildPhase;
			buildActionMask = 2147483647;
			files = (
				67B8F34E2B769BD200B46F32 /* Colors.xcassets in Resources */,
				672748752B725829004CFDBE /* LaunchScreen.storyboard in Resources */,
				672748722B725829004CFDBE /* Assets.xcassets in Resources */,
				67B8F3482B7699D300B46F32 /* Verdana.ttf in Resources */,
				67B8F3492B7699D600B46F32 /* Verdana-Bold.ttf in Resources */,
			);
			runOnlyForDeploymentPostprocessing = 0;
		};
/* End PBXResourcesBuildPhase section */

/* Begin PBXShellScriptBuildPhase section */
		6727487C2B7258C8004CFDBE /* SwiftLint Run Script */ = {
			isa = PBXShellScriptBuildPhase;
			alwaysOutOfDate = 1;
			buildActionMask = 2147483647;
			files = (
			);
			inputFileListPaths = (
			);
			inputPaths = (
			);
			name = "SwiftLint Run Script";
			outputFileListPaths = (
			);
			outputPaths = (
			);
			runOnlyForDeploymentPostprocessing = 0;
			shellPath = /bin/sh;
			shellScript = "if [[ \"$(uname -m)\" == arm64 ]]; then\n    export PATH=\"/opt/homebrew/bin:$PATH\"\nfi\n\nif which swiftlint > /dev/null; then\n  swiftlint\nelse\n  echo \"warning: SwiftLint not installed, download from https://github.com/realm/SwiftLint\"\nfi\n";
			showEnvVarsInLog = 0;
		};
		6727487D2B7258E8004CFDBE /* SwiftFormat Run Script */ = {
			isa = PBXShellScriptBuildPhase;
			alwaysOutOfDate = 1;
			buildActionMask = 2147483647;
			files = (
			);
			inputFileListPaths = (
			);
			inputPaths = (
			);
			name = "SwiftFormat Run Script";
			outputFileListPaths = (
			);
			outputPaths = (
			);
			runOnlyForDeploymentPostprocessing = 0;
			shellPath = /bin/sh;
			shellScript = "if [[ \"$(uname -m)\" == arm64 ]]; then\n    export PATH=\"/opt/homebrew/bin:$PATH\"\nfi\n\nif which swiftformat > /dev/null; then\n  swiftformat .\nelse\n  echo \"warning: SwiftFormat not installed, download from https://github.com/nicklockwood/SwiftFormat\"\nfi\n";
			showEnvVarsInLog = 0;
		};
/* End PBXShellScriptBuildPhase section */

/* Begin PBXSourcesBuildPhase section */
		672748612B725827004CFDBE /* Sources */ = {
			isa = PBXSourcesBuildPhase;
			buildActionMask = 2147483647;
			files = (
				67192EB02B77937E004A7152 /* ContactInfoCellView.swift in Sources */,
				67192EAE2B77849C004A7152 /* UIViewController+extension.swift in Sources */,
				6727486D2B725827004CFDBE /* LoginViewController.swift in Sources */,
				67192EB42B779935004A7152 /* ContactInfoViewController.swift in Sources */,
				67192EAA2B76B615004A7152 /* ReminderListViewController.swift in Sources */,
				67B8F34C2B769A2600B46F32 /* UIFont+extension.swift in Sources */,
				672748692B725827004CFDBE /* AppDelegate.swift in Sources */,
				67192EA82B76AB34004A7152 /* UIColor+extension.swift in Sources */,
				6727486B2B725827004CFDBE /* SceneDelegate.swift in Sources */,
				67B8F3422B768F6500B46F32 /* BirthdayView.swift in Sources */,
			);
			runOnlyForDeploymentPostprocessing = 0;
		};
/* End PBXSourcesBuildPhase section */

/* Begin PBXVariantGroup section */
		672748732B725829004CFDBE /* LaunchScreen.storyboard */ = {
			isa = PBXVariantGroup;
			children = (
				672748742B725829004CFDBE /* Base */,
			);
			name = LaunchScreen.storyboard;
			sourceTree = "<group>";
		};
/* End PBXVariantGroup section */

/* Begin XCBuildConfiguration section */
		672748772B725829004CFDBE /* Debug */ = {
			isa = XCBuildConfiguration;
			buildSettings = {
				ALWAYS_SEARCH_USER_PATHS = NO;
				ASSETCATALOG_COMPILER_GENERATE_SWIFT_ASSET_SYMBOL_EXTENSIONS = YES;
				CLANG_ANALYZER_NONNULL = YES;
				CLANG_ANALYZER_NUMBER_OBJECT_CONVERSION = YES_AGGRESSIVE;
				CLANG_CXX_LANGUAGE_STANDARD = "gnu++20";
				CLANG_ENABLE_MODULES = YES;
				CLANG_ENABLE_OBJC_ARC = YES;
				CLANG_ENABLE_OBJC_WEAK = YES;
				CLANG_WARN_BLOCK_CAPTURE_AUTORELEASING = YES;
				CLANG_WARN_BOOL_CONVERSION = YES;
				CLANG_WARN_COMMA = YES;
				CLANG_WARN_CONSTANT_CONVERSION = YES;
				CLANG_WARN_DEPRECATED_OBJC_IMPLEMENTATIONS = YES;
				CLANG_WARN_DIRECT_OBJC_ISA_USAGE = YES_ERROR;
				CLANG_WARN_DOCUMENTATION_COMMENTS = YES;
				CLANG_WARN_EMPTY_BODY = YES;
				CLANG_WARN_ENUM_CONVERSION = YES;
				CLANG_WARN_INFINITE_RECURSION = YES;
				CLANG_WARN_INT_CONVERSION = YES;
				CLANG_WARN_NON_LITERAL_NULL_CONVERSION = YES;
				CLANG_WARN_OBJC_IMPLICIT_RETAIN_SELF = YES;
				CLANG_WARN_OBJC_LITERAL_CONVERSION = YES;
				CLANG_WARN_OBJC_ROOT_CLASS = YES_ERROR;
				CLANG_WARN_QUOTED_INCLUDE_IN_FRAMEWORK_HEADER = YES;
				CLANG_WARN_RANGE_LOOP_ANALYSIS = YES;
				CLANG_WARN_STRICT_PROTOTYPES = YES;
				CLANG_WARN_SUSPICIOUS_MOVE = YES;
				CLANG_WARN_UNGUARDED_AVAILABILITY = YES_AGGRESSIVE;
				CLANG_WARN_UNREACHABLE_CODE = YES;
				CLANG_WARN__DUPLICATE_METHOD_MATCH = YES;
				COPY_PHASE_STRIP = NO;
				DEBUG_INFORMATION_FORMAT = dwarf;
				ENABLE_STRICT_OBJC_MSGSEND = YES;
				ENABLE_TESTABILITY = YES;
				ENABLE_USER_SCRIPT_SANDBOXING = YES;
				GCC_C_LANGUAGE_STANDARD = gnu17;
				GCC_DYNAMIC_NO_PIC = NO;
				GCC_NO_COMMON_BLOCKS = YES;
				GCC_OPTIMIZATION_LEVEL = 0;
				GCC_PREPROCESSOR_DEFINITIONS = (
					"DEBUG=1",
					"$(inherited)",
				);
				GCC_WARN_64_TO_32_BIT_CONVERSION = YES;
				GCC_WARN_ABOUT_RETURN_TYPE = YES_ERROR;
				GCC_WARN_UNDECLARED_SELECTOR = YES;
				GCC_WARN_UNINITIALIZED_AUTOS = YES_AGGRESSIVE;
				GCC_WARN_UNUSED_FUNCTION = YES;
				GCC_WARN_UNUSED_VARIABLE = YES;
				IPHONEOS_DEPLOYMENT_TARGET = 17.2;
				LOCALIZATION_PREFERS_STRING_CATALOGS = YES;
				MTL_ENABLE_DEBUG_INFO = INCLUDE_SOURCE;
				MTL_FAST_MATH = YES;
				ONLY_ACTIVE_ARCH = YES;
				SDKROOT = iphoneos;
				SWIFT_ACTIVE_COMPILATION_CONDITIONS = "DEBUG $(inherited)";
				SWIFT_OPTIMIZATION_LEVEL = "-Onone";
			};
			name = Debug;
		};
		672748782B725829004CFDBE /* Release */ = {
			isa = XCBuildConfiguration;
			buildSettings = {
				ALWAYS_SEARCH_USER_PATHS = NO;
				ASSETCATALOG_COMPILER_GENERATE_SWIFT_ASSET_SYMBOL_EXTENSIONS = YES;
				CLANG_ANALYZER_NONNULL = YES;
				CLANG_ANALYZER_NUMBER_OBJECT_CONVERSION = YES_AGGRESSIVE;
				CLANG_CXX_LANGUAGE_STANDARD = "gnu++20";
				CLANG_ENABLE_MODULES = YES;
				CLANG_ENABLE_OBJC_ARC = YES;
				CLANG_ENABLE_OBJC_WEAK = YES;
				CLANG_WARN_BLOCK_CAPTURE_AUTORELEASING = YES;
				CLANG_WARN_BOOL_CONVERSION = YES;
				CLANG_WARN_COMMA = YES;
				CLANG_WARN_CONSTANT_CONVERSION = YES;
				CLANG_WARN_DEPRECATED_OBJC_IMPLEMENTATIONS = YES;
				CLANG_WARN_DIRECT_OBJC_ISA_USAGE = YES_ERROR;
				CLANG_WARN_DOCUMENTATION_COMMENTS = YES;
				CLANG_WARN_EMPTY_BODY = YES;
				CLANG_WARN_ENUM_CONVERSION = YES;
				CLANG_WARN_INFINITE_RECURSION = YES;
				CLANG_WARN_INT_CONVERSION = YES;
				CLANG_WARN_NON_LITERAL_NULL_CONVERSION = YES;
				CLANG_WARN_OBJC_IMPLICIT_RETAIN_SELF = YES;
				CLANG_WARN_OBJC_LITERAL_CONVERSION = YES;
				CLANG_WARN_OBJC_ROOT_CLASS = YES_ERROR;
				CLANG_WARN_QUOTED_INCLUDE_IN_FRAMEWORK_HEADER = YES;
				CLANG_WARN_RANGE_LOOP_ANALYSIS = YES;
				CLANG_WARN_STRICT_PROTOTYPES = YES;
				CLANG_WARN_SUSPICIOUS_MOVE = YES;
				CLANG_WARN_UNGUARDED_AVAILABILITY = YES_AGGRESSIVE;
				CLANG_WARN_UNREACHABLE_CODE = YES;
				CLANG_WARN__DUPLICATE_METHOD_MATCH = YES;
				COPY_PHASE_STRIP = NO;
				DEBUG_INFORMATION_FORMAT = "dwarf-with-dsym";
				ENABLE_NS_ASSERTIONS = NO;
				ENABLE_STRICT_OBJC_MSGSEND = YES;
				ENABLE_USER_SCRIPT_SANDBOXING = YES;
				GCC_C_LANGUAGE_STANDARD = gnu17;
				GCC_NO_COMMON_BLOCKS = YES;
				GCC_WARN_64_TO_32_BIT_CONVERSION = YES;
				GCC_WARN_ABOUT_RETURN_TYPE = YES_ERROR;
				GCC_WARN_UNDECLARED_SELECTOR = YES;
				GCC_WARN_UNINITIALIZED_AUTOS = YES_AGGRESSIVE;
				GCC_WARN_UNUSED_FUNCTION = YES;
				GCC_WARN_UNUSED_VARIABLE = YES;
				IPHONEOS_DEPLOYMENT_TARGET = 17.2;
				LOCALIZATION_PREFERS_STRING_CATALOGS = YES;
				MTL_ENABLE_DEBUG_INFO = NO;
				MTL_FAST_MATH = YES;
				SDKROOT = iphoneos;
				SWIFT_COMPILATION_MODE = wholemodule;
				VALIDATE_PRODUCT = YES;
			};
			name = Release;
		};
		6727487A2B725829004CFDBE /* Debug */ = {
			isa = XCBuildConfiguration;
			buildSettings = {
				ASSETCATALOG_COMPILER_APPICON_NAME = AppIcon;
				ASSETCATALOG_COMPILER_GLOBAL_ACCENT_COLOR_NAME = AccentColor;
				CODE_SIGN_STYLE = Automatic;
				CURRENT_PROJECT_VERSION = 1;
				DEVELOPMENT_TEAM = RD3BV5S34P;
				ENABLE_USER_SCRIPT_SANDBOXING = NO;
				GENERATE_INFOPLIST_FILE = YES;
				INFOPLIST_FILE = UIKitTask/Info.plist;
				INFOPLIST_KEY_UIApplicationSupportsIndirectInputEvents = YES;
				INFOPLIST_KEY_UILaunchStoryboardName = LaunchScreen;
				INFOPLIST_KEY_UISupportedInterfaceOrientations_iPad = "UIInterfaceOrientationPortrait UIInterfaceOrientationPortraitUpsideDown UIInterfaceOrientationLandscapeLeft UIInterfaceOrientationLandscapeRight";
				INFOPLIST_KEY_UISupportedInterfaceOrientations_iPhone = "UIInterfaceOrientationPortrait UIInterfaceOrientationLandscapeLeft UIInterfaceOrientationLandscapeRight";
				LD_RUNPATH_SEARCH_PATHS = (
					"$(inherited)",
					"@executable_path/Frameworks",
				);
				MARKETING_VERSION = 1.0;
				PRODUCT_BUNDLE_IDENTIFIER = "Dylan-Sanders.UIKitTask";
				PRODUCT_NAME = "$(TARGET_NAME)";
				SWIFT_EMIT_LOC_STRINGS = YES;
				SWIFT_VERSION = 5.0;
				TARGETED_DEVICE_FAMILY = "1,2";
			};
			name = Debug;
		};
		6727487B2B725829004CFDBE /* Release */ = {
			isa = XCBuildConfiguration;
			buildSettings = {
				ASSETCATALOG_COMPILER_APPICON_NAME = AppIcon;
				ASSETCATALOG_COMPILER_GLOBAL_ACCENT_COLOR_NAME = AccentColor;
				CODE_SIGN_STYLE = Automatic;
				CURRENT_PROJECT_VERSION = 1;
				DEVELOPMENT_TEAM = RD3BV5S34P;
				ENABLE_USER_SCRIPT_SANDBOXING = NO;
				GENERATE_INFOPLIST_FILE = YES;
				INFOPLIST_FILE = UIKitTask/Info.plist;
				INFOPLIST_KEY_UIApplicationSupportsIndirectInputEvents = YES;
				INFOPLIST_KEY_UILaunchStoryboardName = LaunchScreen;
				INFOPLIST_KEY_UISupportedInterfaceOrientations_iPad = "UIInterfaceOrientationPortrait UIInterfaceOrientationPortraitUpsideDown UIInterfaceOrientationLandscapeLeft UIInterfaceOrientationLandscapeRight";
				INFOPLIST_KEY_UISupportedInterfaceOrientations_iPhone = "UIInterfaceOrientationPortrait UIInterfaceOrientationLandscapeLeft UIInterfaceOrientationLandscapeRight";
				LD_RUNPATH_SEARCH_PATHS = (
					"$(inherited)",
					"@executable_path/Frameworks",
				);
				MARKETING_VERSION = 1.0;
				PRODUCT_BUNDLE_IDENTIFIER = "Dylan-Sanders.UIKitTask";
				PRODUCT_NAME = "$(TARGET_NAME)";
				SWIFT_EMIT_LOC_STRINGS = YES;
				SWIFT_VERSION = 5.0;
				TARGETED_DEVICE_FAMILY = "1,2";
			};
			name = Release;
		};
/* End XCBuildConfiguration section */

/* Begin XCConfigurationList section */
		672748602B725827004CFDBE /* Build configuration list for PBXProject "UIKitTask" */ = {
			isa = XCConfigurationList;
			buildConfigurations = (
				672748772B725829004CFDBE /* Debug */,
				672748782B725829004CFDBE /* Release */,
			);
			defaultConfigurationIsVisible = 0;
			defaultConfigurationName = Release;
		};
		672748792B725829004CFDBE /* Build configuration list for PBXNativeTarget "UIKitTask" */ = {
			isa = XCConfigurationList;
			buildConfigurations = (
				6727487A2B725829004CFDBE /* Debug */,
				6727487B2B725829004CFDBE /* Release */,
			);
			defaultConfigurationIsVisible = 0;
			defaultConfigurationName = Release;
		};
/* End XCConfigurationList section */
	};
	rootObject = 6727485D2B725827004CFDBE /* Project object */;
}
